
Microsoft Visual Studio Solution File, Format Version 12.00
# Visual Studio Version 17
VisualStudioVersion = 17.13.35828.75
MinimumVisualStudioVersion = 10.0.40219.1
Project("{FAE04EC0-301F-11D3-BF4B-00C04F79EFBC}") = "AgileActors", "AgileActors\AgileActors.csproj", "{562EFE18-745A-417A-91F1-863C1DCCF0D6}"
EndProject
Project("{FAE04EC0-301F-11D3-BF4B-00C04F79EFBC}") = "AgileActors.Tests", "AgileActors.Tests\AgileActors.Tests.csproj", "{56350FED-F3A5-4139-B705-C257A2F29200}"
EndProject
Global
	GlobalSection(SolutionConfigurationPlatforms) = preSolution
		Debug|Any CPU = Debug|Any CPU
		Release|Any CPU = Release|Any CPU
	EndGlobalSection
	GlobalSection(ProjectConfigurationPlatforms) = postSolution
		{562EFE18-745A-417A-91F1-863C1DCCF0D6}.Debug|Any CPU.ActiveCfg = Debug|Any CPU
		{562EFE18-745A-417A-91F1-863C1DCCF0D6}.Debug|Any CPU.Build.0 = Debug|Any CPU
		{562EFE18-745A-417A-91F1-863C1DCCF0D6}.Release|Any CPU.ActiveCfg = Release|Any CPU
		{562EFE18-745A-417A-91F1-863C1DCCF0D6}.Release|Any CPU.Build.0 = Release|Any CPU
		{56350FED-F3A5-4139-B705-C257A2F29200}.Debug|Any CPU.ActiveCfg = Debug|Any CPU
		{56350FED-F3A5-4139-B705-C257A2F29200}.Debug|Any CPU.Build.0 = Debug|Any CPU
		{56350FED-F3A5-4139-B705-C257A2F29200}.Release|Any CPU.ActiveCfg = Release|Any CPU
		{56350FED-F3A5-4139-B705-C257A2F29200}.Release|Any CPU.Build.0 = Release|Any CPU
	EndGlobalSection
	GlobalSection(SolutionProperties) = preSolution
		HideSolutionNode = FALSE
	EndGlobalSection
	GlobalSection(ExtensibilityGlobals) = postSolution
		SolutionGuid = {EA122914-8B25-4EA9-87B3-A2EFD49D5290}
	EndGlobalSection
EndGlobal
